
Microsoft Visual Studio Solution File, Format Version 12.00
# Visual Studio 15
VisualStudioVersion = 15.0.26730.16
MinimumVisualStudioVersion = 10.0.40219.1
Project("{FAE04EC0-301F-11D3-BF4B-00C04F79EFBC}") = "BudgetManager", "BudgetManager\BudgetManager.csproj", "{B204AA30-F827-42B7-A557-2A013589DD80}"
EndProject
Global
	GlobalSection(SolutionConfigurationPlatforms) = preSolution
		Debug|Any CPU = Debug|Any CPU
		Release|Any CPU = Release|Any CPU
	EndGlobalSection
	GlobalSection(ProjectConfigurationPlatforms) = postSolution
		{B204AA30-F827-42B7-A557-2A013589DD80}.Debug|Any CPU.ActiveCfg = Debug|Any CPU
		{B204AA30-F827-42B7-A557-2A013589DD80}.Debug|Any CPU.Build.0 = Debug|Any CPU
		{B204AA30-F827-42B7-A557-2A013589DD80}.Release|Any CPU.ActiveCfg = Release|Any CPU
		{B204AA30-F827-42B7-A557-2A013589DD80}.Release|Any CPU.Build.0 = Release|Any CPU
	EndGlobalSection
	GlobalSection(SolutionProperties) = preSolution
		HideSolutionNode = FALSE
	EndGlobalSection
	GlobalSection(ExtensibilityGlobals) = postSolution
		SolutionGuid = {B8098687-4615-4E1C-A7D7-D350BBBC8041}
	EndGlobalSection
EndGlobal
